dependencies:
  esp32-hub75-matrixpanel-dma:
    component_hash: 
      0a6b3fdd4f30eed3d03147c85b85fc043c8ca3543a49b64c859455b7e184f195
    dependencies: []
    source:
      git: https://github.com/mrcodetastic/ESP32-HUB75-MatrixPanel-DMA.git
      path: .
      type: git
    version: a6221865c71fd5aeba885c31b81fe41bd36c5705
  espressif/esp_websocket_client:
    component_hash: 
      723aba370113196c66321442426cd6452c351eef31c85c83bd1446831ef9f8f4
    dependencies:
    - name: idf
      require: private
      version: '>=5.0'
    source:
      registry_url: https://components.espressif.com/
      type: service
    version: 1.6.0
  idf:
    source:
      type: idf
    version: 5.5.2
  libwebp:
    component_hash: 
      0a90fcdc8774196901feb3a31c9d2b709a2396a7a78d4c9174e801e5a1c2e73c
    dependencies: []
    source:
      git: https://github.com/tronbyt/libwebp.git
      path: .
      type: git
    version: 2876223669df64d21556a86e2dbd21dc96dac675
direct_dependencies:
- esp32-hub75-matrixpanel-dma
- espressif/esp_websocket_client
- libwebp
manifest_hash: dc95a713c207bed08aa6b092fc3af947ec1619da4703cb394ce333ac9ce99cf8
target: esp32s3
version: 2.0.0
